{
  "name": "ezos",
  "version": "1.0.0",
  "lockfileVersion": 3,
  "requires": true,
  "packages": {
    "": {
      "name": "ezos",
      "version": "1.0.0",
      "license": "ISC",
      "devDependencies": {
        "@xtr-dev/changelog": "^0.0.4"
      }
    },
    "node_modules/@xtr-dev/changelog": {
      "version": "0.0.4",
      "resolved": "https://registry.npmjs.org/@xtr-dev/changelog/-/changelog-0.0.4.tgz",
      "integrity": "sha512-VEFTK+4lgYt1Qn/tOFbmcqLkTKv/5mtqqaGRnrpNykUSg8GDroJDOt0vNfivUq58PQ+jLgrLWdH2VIxJL7unxg==",
      "dev": true,
      "license": "MIT",
      "bin": {
        "xtr-changelog": "dist/cli.js"
      },
      "engines": {
        "node": ">=20"
      }
    }
  }
}
