{
  "name": "ezos",
  "version": "0.0.70",
  "lockfileVersion": 3,
  "requires": true,
  "packages": {
    "": {
      "name": "ezos",
      "version": "0.0.70",
      "license": "ISC",
      "devDependencies": {
        "@xtr-dev/changelog": "^0.0.5"
      }
    },
    "node_modules/@xtr-dev/changelog": {
      "version": "0.0.5",
      "resolved": "https://registry.npmjs.org/@xtr-dev/changelog/-/changelog-0.0.5.tgz",
      "integrity": "sha512-FN7EjufjWWFiI2+9enZHZ5LYP6H6xdl41wSMJzFQ2l62bIuj0hmNv5xq+azGYkJbQ/YhboVTQoCnR2vZYd/Iug==",
      "dev": true,
      "license": "MIT",
      "bin": {
        "xtr-changelog": "dist/cli.js"
      },
      "engines": {
        "node": ">=20"
      }
    }
  }
}
